# This file was autogenerated by uv via the following command:
#    uv pip compile pyproject.toml -o uv.lock
absl-py==2.2.2
    # via ortools
colorama==0.4.6
    # via pytest
immutabledict==4.2.1
    # via ortools
iniconfig==2.1.0
    # via pytest
numpy==2.2.5
    # via
    #   ortools
    #   pandas
ortools==9.12.4544
    # via google-or-tools-examples (pyproject.toml)
packaging==25.0
    # via pytest
pandas==2.2.3
    # via ortools
pluggy==1.5.0
    # via pytest
protobuf==5.29.4
    # via ortools
pytest==8.3.5
    # via google-or-tools-examples (pyproject.toml)
python-dateutil==2.9.0.post0
    # via pandas
pytz==2025.2
    # via pandas
six==1.17.0
    # via python-dateutil
tzdata==2025.2
    # via pandas
